{
  "name": "stryker-mutation-badge",
  "version": "1.0.0",
  "lockfileVersion": 1,
  "requires": true,
  "dependencies": {
    "@stryker-mutator/api": {
      "version": "3.3.1",
      "resolved": "https://registry.npmjs.org/@stryker-mutator/api/-/api-3.3.1.tgz",
      "integrity": "sha512-t3TZyzxZYwZHUF1aCCpqLOQJjW0DZMZTrwGP/zGuDBUjr1/Opq+S6emeLFVjSJiDeMyqkqh9X01ZzHIWJPD+Sg==",
      "requires": {
        "mutation-testing-report-schema": "~1.3.0",
        "surrial": "~2.0.2",
        "tslib": "~2.0.0"
      }
    },
    "mutation-testing-metrics": {
      "version": "1.4.3",
      "resolved": "https://registry.npmjs.org/mutation-testing-metrics/-/mutation-testing-metrics-1.4.3.tgz",
      "integrity": "sha512-b+5upZuuEDyY5oWb/3Jvo8kMxo9VHVP8t7ryZproBbp9bclDbS3c6kFScR6qJPFQ90NK2S7ab/cGxRHMXnNbJQ==",
      "requires": {
        "mutation-testing-report-schema": "^1.4.3"
      },
      "dependencies": {
        "mutation-testing-report-schema": {
          "version": "1.4.3",
          "resolved": "https://registry.npmjs.org/mutation-testing-report-schema/-/mutation-testing-report-schema-1.4.3.tgz",
          "integrity": "sha512-+TLMYFGFL8MtcbIF0g9VG+OS5qkPPaZtvyT0v/XWrKgrbAhpnJYNsZV9/xMWuO/V8WC02mLksn/HrDnKnIVqXw=="
        }
      }
    },
    "mutation-testing-report-schema": {
      "version": "1.3.1",
      "resolved": "https://registry.npmjs.org/mutation-testing-report-schema/-/mutation-testing-report-schema-1.3.1.tgz",
      "integrity": "sha512-2T2A5qBg+2SZ7CtAvW5m4W95VJxZ/UsSWVwzv3VZpm7c2VoGgIWZGPiTC76a+gorxJobyCzkWv0902UNs4Wl5Q=="
    },
    "surrial": {
      "version": "2.0.2",
      "resolved": "https://registry.npmjs.org/surrial/-/surrial-2.0.2.tgz",
      "integrity": "sha512-YQ0XyrdBI8Kx10lIK81zOGXdGtc0P+3FTqEtCdaKzfEJKJWDju2QPp+XhzihmN2KOTRDtkKSyQQXZHYP+SqapA=="
    },
    "tslib": {
      "version": "2.0.3",
      "resolved": "https://registry.npmjs.org/tslib/-/tslib-2.0.3.tgz",
      "integrity": "sha512-uZtkfKblCEQtZKBF6EBXVZeQNl82yqtDQdv+eck8u7tdPxjLu2/lp5/uPW+um2tpuxINHWy3GhiccY7QgEaVHQ=="
    }
  }
}
